// !$*UTF8*$!
{
	archiveVersion = 1;
	classes = {
	};
	objectVersion = 50;
	objects = {

/* Begin PBXBuildFile section */
		0153D7CF240D481D00D50189 /* Kroki.swift in Sources */ = {isa = PBXBuildFile; fileRef = 0153D7CE240D481D00D50189 /* Kroki.swift */; };
		018B576123F8817C0057A391 /* AppDelegate.swift in Sources */ = {isa = PBXBuildFile; fileRef = 018B576023F8817C0057A391 /* AppDelegate.swift */; };
		018B576323F8817C0057A391 /* SceneDelegate.swift in Sources */ = {isa = PBXBuildFile; fileRef = 018B576223F8817C0057A391 /* SceneDelegate.swift */; };
		018B576523F8817C0057A391 /* ViewController.swift in Sources */ = {isa = PBXBuildFile; fileRef = 018B576423F8817C0057A391 /* ViewController.swift */; };
		018B576823F8817C0057A391 /* Main.storyboard in Resources */ = {isa = PBXBuildFile; fileRef = 018B576623F8817C0057A391 /* Main.storyboard */; };
		018B576B23F8817C0057A391 /* Friends3.xcdatamodeld in Sources */ = {isa = PBXBuildFile; fileRef = 018B576923F8817C0057A391 /* Friends3.xcdatamodeld */; };
		018B577023F8817D0057A391 /* LaunchScreen.storyboard in Resources */ = {isa = PBXBuildFile; fileRef = 018B576E23F8817D0057A391 /* LaunchScreen.storyboard */; };
		018B577823F881FF0057A391 /* NumberViewController.swift in Sources */ = {isa = PBXBuildFile; fileRef = 018B577723F881FF0057A391 /* NumberViewController.swift */; };
		01BB0973248D3C3E00DF3B6D /* Assets.xcassets in Resources */ = {isa = PBXBuildFile; fileRef = 01BB0972248D3C3E00DF3B6D /* Assets.xcassets */; };
/* End PBXBuildFile section */

/* Begin PBXFileReference section */
		0153D7CE240D481D00D50189 /* Kroki.swift */ = {isa = PBXFileReference; lastKnownFileType = sourcecode.swift; path = Kroki.swift; sourceTree = "<group>"; };
		018B575D23F8817C0057A391 /* Planer.app */ = {isa = PBXFileReference; explicitFileType = wrapper.application; includeInIndex = 0; path = Planer.app; sourceTree = BUILT_PRODUCTS_DIR; };
		018B576023F8817C0057A391 /* AppDelegate.swift */ = {isa = PBXFileReference; lastKnownFileType = sourcecode.swift; path = AppDelegate.swift; sourceTree = "<group>"; };
		018B576223F8817C0057A391 /* SceneDelegate.swift */ = {isa = PBXFileReference; lastKnownFileType = sourcecode.swift; path = SceneDelegate.swift; sourceTree = "<group>"; };
		018B576423F8817C0057A391 /* ViewController.swift */ = {isa = PBXFileReference; lastKnownFileType = sourcecode.swift; path = ViewController.swift; sourceTree = "<group>"; };
		018B576723F8817C0057A391 /* Base */ = {isa = PBXFileReference; lastKnownFileType = file.storyboard; name = Base; path = Base.lproj/Main.storyboard; sourceTree = "<group>"; };
		018B576A23F8817C0057A391 /* Friends3.xcdatamodel */ = {isa = PBXFileReference; lastKnownFileType = wrapper.xcdatamodel; path = Friends3.xcdatamodel; sourceTree = "<group>"; };
		018B576F23F8817D0057A391 /* Base */ = {isa = PBXFileReference; lastKnownFileType = file.storyboard; name = Base; path = Base.lproj/LaunchScreen.storyboard; sourceTree = "<group>"; };
		018B577123F8817D0057A391 /* Info.plist */ = {isa = PBXFileReference; lastKnownFileType = text.plist.xml; path = Info.plist; sourceTree = "<group>"; };
		018B577723F881FF0057A391 /* NumberViewController.swift */ = {isa = PBXFileReference; fileEncoding = 4; lastKnownFileType = sourcecode.swift; path = NumberViewController.swift; sourceTree = "<group>"; };
		01BB0972248D3C3E00DF3B6D /* Assets.xcassets */ = {isa = PBXFileReference; lastKnownFileType = folder.assetcatalog; path = Assets.xcassets; sourceTree = "<group>"; };
/* End PBXFileReference section */

/* Begin PBXFrameworksBuildPhase section */
		018B575A23F8817C0057A391 /* Frameworks */ = {
			isa = PBXFrameworksBuildPhase;
			buildActionMask = 2147483647;
			files = (
			);
			runOnlyForDeploymentPostprocessing = 0;
		};
/* End PBXFrameworksBuildPhase section */

/* Begin PBXGroup section */
		018B575423F8817C0057A391 = {
			isa = PBXGroup;
			children = (
				018B575F23F8817C0057A391 /* Planer */,
				018B575E23F8817C0057A391 /* Products */,
			);
			sourceTree = "<group>";
		};
		018B575E23F8817C0057A391 /* Products */ = {
			isa = PBXGroup;
			children = (
				018B575D23F8817C0057A391 /* Planer.app */,
			);
			name = Products;
			sourceTree = "<group>";
		};
		018B575F23F8817C0057A391 /* Planer */ = {
			isa = PBXGroup;
			children = (
				018B576023F8817C0057A391 /* AppDelegate.swift */,
				018B576223F8817C0057A391 /* SceneDelegate.swift */,
				018B576423F8817C0057A391 /* ViewController.swift */,
				018B577723F881FF0057A391 /* NumberViewController.swift */,
				01BB0972248D3C3E00DF3B6D /* Assets.xcassets */,
				0153D7CE240D481D00D50189 /* Kroki.swift */,
				018B576623F8817C0057A391 /* Main.storyboard */,
				018B576E23F8817D0057A391 /* LaunchScreen.storyboard */,
				018B577123F8817D0057A391 /* Info.plist */,
				018B576923F8817C0057A391 /* Friends3.xcdatamodeld */,
			);
			path = Planer;
			sourceTree = "<group>";
		};
/* End PBXGroup section */

/* Begin PBXNativeTarget section */
		018B575C23F8817C0057A391 /* Planer */ = {
			isa = PBXNativeTarget;
			buildConfigurationList = 018B577423F8817D0057A391 /* Build configuration list for PBXNativeTarget "Planer" */;
			buildPhases = (
				018B575923F8817C0057A391 /* Sources */,
				018B575A23F8817C0057A391 /* Frameworks */,
				018B575B23F8817C0057A391 /* Resources */,
			);
			buildRules = (
			);
			dependencies = (
			);
			name = Planer;
			productName = Friends3;
			productReference = 018B575D23F8817C0057A391 /* Planer.app */;
			productType = "com.apple.product-type.application";
		};
/* End PBXNativeTarget section */

/* Begin PBXProject section */
		018B575523F8817C0057A391 /* Project object */ = {
			isa = PBXProject;
			attributes = {
				LastSwiftUpdateCheck = 1130;
				LastUpgradeCheck = 1130;
				ORGANIZATIONNAME = "Przemyslaw Kromólski";
				TargetAttributes = {
					018B575C23F8817C0057A391 = {
						CreatedOnToolsVersion = 11.3.1;
					};
				};
			};
			buildConfigurationList = 018B575823F8817C0057A391 /* Build configuration list for PBXProject "Planer" */;
			compatibilityVersion = "Xcode 9.3";
			developmentRegion = en;
			hasScannedForEncodings = 0;
			knownRegions = (
				en,
				Base,
			);
			mainGroup = 018B575423F8817C0057A391;
			productRefGroup = 018B575E23F8817C0057A391 /* Products */;
			projectDirPath = "";
			projectRoot = "";
			targets = (
				018B575C23F8817C0057A391 /* Planer */,
			);
		};
/* End PBXProject section */

/* Begin PBXResourcesBuildPhase section */
		018B575B23F8817C0057A391 /* Resources */ = {
			isa = PBXResourcesBuildPhase;
			buildActionMask = 2147483647;
			files = (
				018B577023F8817D0057A391 /* LaunchScreen.storyboard in Resources */,
				01BB0973248D3C3E00DF3B6D /* Assets.xcassets in Resources */,
				018B576823F8817C0057A391 /* Main.storyboard in Resources */,
			);
			runOnlyForDeploymentPostprocessing = 0;
		};
/* End PBXResourcesBuildPhase section */

/* Begin PBXSourcesBuildPhase section */
		018B575923F8817C0057A391 /* Sources */ = {
			isa = PBXSourcesBuildPhase;
			buildActionMask = 2147483647;
			files = (
				018B576523F8817C0057A391 /* ViewController.swift in Sources */,
				018B576123F8817C0057A391 /* AppDelegate.swift in Sources */,
				018B576323F8817C0057A391 /* SceneDelegate.swift in Sources */,
				018B576B23F8817C0057A391 /* Friends3.xcdatamodeld in Sources */,
				0153D7CF240D481D00D50189 /* Kroki.swift in Sources */,
				018B577823F881FF0057A391 /* NumberViewController.swift in Sources */,
			);
			runOnlyForDeploymentPostprocessing = 0;
		};
/* End PBXSourcesBuildPhase section */

/* Begin PBXVariantGroup section */
		018B576623F8817C0057A391 /* Main.storyboard */ = {
			isa = PBXVariantGroup;
			children = (
				018B576723F8817C0057A391 /* Base */,
			);
			name = Main.storyboard;
			sourceTree = "<group>";
		};
		018B576E23F8817D0057A391 /* LaunchScreen.storyboard */ = {
			isa = PBXVariantGroup;
			children = (
				018B576F23F8817D0057A391 /* Base */,
			);
			name = LaunchScreen.storyboard;
			sourceTree = "<group>";
		};
/* End PBXVariantGroup section */

/* Begin XCBuildConfiguration section */
		018B577223F8817D0057A391 /* Debug */ = {
			isa = XCBuildConfiguration;
			buildSettings = {
				ALWAYS_SEARCH_USER_PATHS = NO;
				CLANG_ANALYZER_LOCALIZABILITY_NONLOCALIZED = YES;
				CLANG_ANALYZER_NONNULL = YES;
				CLANG_ANALYZER_NUMBER_OBJECT_CONVERSION = YES_AGGRESSIVE;
				CLANG_CXX_LANGUAGE_STANDARD = "gnu++14";
				CLANG_CXX_LIBRARY = "libc++";
				CLANG_ENABLE_MODULES = YES;
				CLANG_ENABLE_OBJC_ARC = YES;
				CLANG_ENABLE_OBJC_WEAK = YES;
				CLANG_WARN_BLOCK_CAPTURE_AUTORELEASING = YES;
				CLANG_WARN_BOOL_CONVERSION = YES;
				CLANG_WARN_COMMA = YES;
				CLANG_WARN_CONSTANT_CONVERSION = YES;
				CLANG_WARN_DEPRECATED_OBJC_IMPLEMENTATIONS = YES;
				CLANG_WARN_DIRECT_OBJC_ISA_USAGE = YES_ERROR;
				CLANG_WARN_DOCUMENTATION_COMMENTS = YES;
				CLANG_WARN_EMPTY_BODY = YES;
				CLANG_WARN_ENUM_CONVERSION = YES;
				CLANG_WARN_INFINITE_RECURSION = YES;
				CLANG_WARN_INT_CONVERSION = YES;
				CLANG_WARN_NON_LITERAL_NULL_CONVERSION = YES;
				CLANG_WARN_OBJC_IMPLICIT_RETAIN_SELF = YES;
				CLANG_WARN_OBJC_LITERAL_CONVERSION = YES;
				CLANG_WARN_OBJC_ROOT_CLASS = YES_ERROR;
				CLANG_WARN_RANGE_LOOP_ANALYSIS = YES;
				CLANG_WARN_STRICT_PROTOTYPES = YES;
				CLANG_WARN_SUSPICIOUS_MOVE = YES;
				CLANG_WARN_UNGUARDED_AVAILABILITY = YES_AGGRESSIVE;
				CLANG_WARN_UNREACHABLE_CODE = YES;
				CLANG_WARN__DUPLICATE_METHOD_MATCH = YES;
				COPY_PHASE_STRIP = NO;
				DEBUG_INFORMATION_FORMAT = dwarf;
				ENABLE_STRICT_OBJC_MSGSEND = YES;
				ENABLE_TESTABILITY = YES;
				GCC_C_LANGUAGE_STANDARD = gnu11;
				GCC_DYNAMIC_NO_PIC = NO;
				GCC_NO_COMMON_BLOCKS = YES;
				GCC_OPTIMIZATION_LEVEL = 0;
				GCC_PREPROCESSOR_DEFINITIONS = (
					"DEBUG=1",
					"$(inherited)",
				);
				GCC_WARN_64_TO_32_BIT_CONVERSION = YES;
				GCC_WARN_ABOUT_RETURN_TYPE = YES_ERROR;
				GCC_WARN_UNDECLARED_SELECTOR = YES;
				GCC_WARN_UNINITIALIZED_AUTOS = YES_AGGRESSIVE;
				GCC_WARN_UNUSED_FUNCTION = YES;
				GCC_WARN_UNUSED_VARIABLE = YES;
				IPHONEOS_DEPLOYMENT_TARGET = 13.2;
				MTL_ENABLE_DEBUG_INFO = INCLUDE_SOURCE;
				MTL_FAST_MATH = YES;
				ONLY_ACTIVE_ARCH = YES;
				SDKROOT = iphoneos;
				SWIFT_ACTIVE_COMPILATION_CONDITIONS = DEBUG;
				SWIFT_OPTIMIZATION_LEVEL = "-Onone";
			};
			name = Debug;
		};
		018B577323F8817D0057A391 /* Release */ = {
			isa = XCBuildConfiguration;
			buildSettings = {
				ALWAYS_SEARCH_USER_PATHS = NO;
				CLANG_ANALYZER_LOCALIZABILITY_NONLOCALIZED = YES;
				CLANG_ANALYZER_NONNULL = YES;
				CLANG_ANALYZER_NUMBER_OBJECT_CONVERSION = YES_AGGRESSIVE;
				CLANG_CXX_LANGUAGE_STANDARD = "gnu++14";
				CLANG_CXX_LIBRARY = "libc++";
				CLANG_ENABLE_MODULES = YES;
				CLANG_ENABLE_OBJC_ARC = YES;
				CLANG_ENABLE_OBJC_WEAK = YES;
				CLANG_WARN_BLOCK_CAPTURE_AUTORELEASING = YES;
				CLANG_WARN_BOOL_CONVERSION = YES;
				CLANG_WARN_COMMA = YES;
				CLANG_WARN_CONSTANT_CONVERSION = YES;
				CLANG_WARN_DEPRECATED_OBJC_IMPLEMENTATIONS = YES;
				CLANG_WARN_DIRECT_OBJC_ISA_USAGE = YES_ERROR;
				CLANG_WARN_DOCUMENTATION_COMMENTS = YES;
				CLANG_WARN_EMPTY_BODY = YES;
				CLANG_WARN_ENUM_CONVERSION = YES;
				CLANG_WARN_INFINITE_RECURSION = YES;
				CLANG_WARN_INT_CONVERSION = YES;
				CLANG_WARN_NON_LITERAL_NULL_CONVERSION = YES;
				CLANG_WARN_OBJC_IMPLICIT_RETAIN_SELF = YES;
				CLANG_WARN_OBJC_LITERAL_CONVERSION = YES;
				CLANG_WARN_OBJC_ROOT_CLASS = YES_ERROR;
				CLANG_WARN_RANGE_LOOP_ANALYSIS = YES;
				CLANG_WARN_STRICT_PROTOTYPES = YES;
				CLANG_WARN_SUSPICIOUS_MOVE = YES;
				CLANG_WARN_UNGUARDED_AVAILABILITY = YES_AGGRESSIVE;
				CLANG_WARN_UNREACHABLE_CODE = YES;
				CLANG_WARN__DUPLICATE_METHOD_MATCH = YES;
				COPY_PHASE_STRIP = NO;
				DEBUG_INFORMATION_FORMAT = "dwarf-with-dsym";
				ENABLE_NS_ASSERTIONS = NO;
				ENABLE_STRICT_OBJC_MSGSEND = YES;
				GCC_C_LANGUAGE_STANDARD = gnu11;
				GCC_NO_COMMON_BLOCKS = YES;
				GCC_WARN_64_TO_32_BIT_CONVERSION = YES;
				GCC_WARN_ABOUT_RETURN_TYPE = YES_ERROR;
				GCC_WARN_UNDECLARED_SELECTOR = YES;
				GCC_WARN_UNINITIALIZED_AUTOS = YES_AGGRESSIVE;
				GCC_WARN_UNUSED_FUNCTION = YES;
				GCC_WARN_UNUSED_VARIABLE = YES;
				IPHONEOS_DEPLOYMENT_TARGET = 13.2;
				MTL_ENABLE_DEBUG_INFO = NO;
				MTL_FAST_MATH = YES;
				SDKROOT = iphoneos;
				SWIFT_COMPILATION_MODE = wholemodule;
				SWIFT_OPTIMIZATION_LEVEL = "-O";
				VALIDATE_PRODUCT = YES;
			};
			name = Release;
		};
		018B577523F8817D0057A391 /* Debug */ = {
			isa = XCBuildConfiguration;
			buildSettings = {
				ASSETCATALOG_COMPILER_APPICON_NAME = AppIcon;
				CODE_SIGN_STYLE = Automatic;
				DEVELOPMENT_TEAM = 38A4SPR332;
				INFOPLIST_FILE = Friends3/Info.plist;
				LD_RUNPATH_SEARCH_PATHS = (
					"$(inherited)",
					"@executable_path/Frameworks",
				);
				PRODUCT_BUNDLE_IDENTIFIER = Kromka.Planer;
				PRODUCT_NAME = Planer;
				SWIFT_VERSION = 5.0;
				TARGETED_DEVICE_FAMILY = 1;
			};
			name = Debug;
		};
		018B577623F8817D0057A391 /* Release */ = {
			isa = XCBuildConfiguration;
			buildSettings = {
				ASSETCATALOG_COMPILER_APPICON_NAME = AppIcon;
				CODE_SIGN_STYLE = Automatic;
				DEVELOPMENT_TEAM = 38A4SPR332;
				INFOPLIST_FILE = Friends3/Info.plist;
				LD_RUNPATH_SEARCH_PATHS = (
					"$(inherited)",
					"@executable_path/Frameworks",
				);
				PRODUCT_BUNDLE_IDENTIFIER = Kromka.Planer;
				PRODUCT_NAME = Planer;
				SWIFT_VERSION = 5.0;
				TARGETED_DEVICE_FAMILY = 1;
			};
			name = Release;
		};
/* End XCBuildConfiguration section */

/* Begin XCConfigurationList section */
		018B575823F8817C0057A391 /* Build configuration list for PBXProject "Planer" */ = {
			isa = XCConfigurationList;
			buildConfigurations = (
				018B577223F8817D0057A391 /* Debug */,
				018B577323F8817D0057A391 /* Release */,
			);
			defaultConfigurationIsVisible = 0;
			defaultConfigurationName = Release;
		};
		018B577423F8817D0057A391 /* Build configuration list for PBXNativeTarget "Planer" */ = {
			isa = XCConfigurationList;
			buildConfigurations = (
				018B577523F8817D0057A391 /* Debug */,
				018B577623F8817D0057A391 /* Release */,
			);
			defaultConfigurationIsVisible = 0;
			defaultConfigurationName = Release;
		};
/* End XCConfigurationList section */

/* Begin XCVersionGroup section */
		018B576923F8817C0057A391 /* Friends3.xcdatamodeld */ = {
			isa = XCVersionGroup;
			children = (
				018B576A23F8817C0057A391 /* Friends3.xcdatamodel */,
			);
			currentVersion = 018B576A23F8817C0057A391 /* Friends3.xcdatamodel */;
			path = Friends3.xcdatamodeld;
			sourceTree = "<group>";
			versionGroupType = wrapper.xcdatamodel;
		};
/* End XCVersionGroup section */
	};
	rootObject = 018B575523F8817C0057A391 /* Project object */;
}
